
Microsoft Visual Studio Solution File, Format Version 12.00
# Visual Studio Version 17
VisualStudioVersion = 17.11.35327.3
MinimumVisualStudioVersion = 10.0.40219.1
Project("{FAE04EC0-301F-11D3-BF4B-00C04F79EFBC}") = "EducationalCenterFinal", "EducationalCenterFinal\EducationalCenterFinal.csproj", "{9EB2D904-5F19-42F9-B329-8A826EC8F35F}"
EndProject
Global
	GlobalSection(SolutionConfigurationPlatforms) = preSolution
		Debug|Any CPU = Debug|Any CPU
		Release|Any CPU = Release|Any CPU
	EndGlobalSection
	GlobalSection(ProjectConfigurationPlatforms) = postSolution
		{9EB2D904-5F19-42F9-B329-8A826EC8F35F}.Debug|Any CPU.ActiveCfg = Debug|Any CPU
		{9EB2D904-5F19-42F9-B329-8A826EC8F35F}.Debug|Any CPU.Build.0 = Debug|Any CPU
		{9EB2D904-5F19-42F9-B329-8A826EC8F35F}.Release|Any CPU.ActiveCfg = Release|Any CPU
		{9EB2D904-5F19-42F9-B329-8A826EC8F35F}.Release|Any CPU.Build.0 = Release|Any CPU
	EndGlobalSection
	GlobalSection(SolutionProperties) = preSolution
		HideSolutionNode = FALSE
	EndGlobalSection
	GlobalSection(ExtensibilityGlobals) = postSolution
		SolutionGuid = {477EE7B7-996F-4CCD-8E1C-885BF3E62CFF}
	EndGlobalSection
EndGlobal
